
Microsoft Visual Studio Solution File, Format Version 12.00
# Visual Studio Version 16
VisualStudioVersion = 16.0.29306.81
MinimumVisualStudioVersion = 10.0.40219.1
Project("{FAE04EC0-301F-11D3-BF4B-00C04F79EFBC}") = "TestDotNet", "TestDotNet\TestDotNet.csproj", "{67ADB030-E3DF-4E5B-9A12-1A5D439359FA}"
EndProject
Project("{FAE04EC0-301F-11D3-BF4B-00C04F79EFBC}") = "DBProject", "DBProject\DBProject.csproj", "{9C3D2BA8-119B-40D6-A9C1-B9E1F6EA7F86}"
EndProject
Global
	GlobalSection(SolutionConfigurationPlatforms) = preSolution
		Debug|Any CPU = Debug|Any CPU
		Release|Any CPU = Release|Any CPU
	EndGlobalSection
	GlobalSection(ProjectConfigurationPlatforms) = postSolution
		{67ADB030-E3DF-4E5B-9A12-1A5D439359FA}.Debug|Any CPU.ActiveCfg = Debug|Any CPU
		{67ADB030-E3DF-4E5B-9A12-1A5D439359FA}.Debug|Any CPU.Build.0 = Debug|Any CPU
		{67ADB030-E3DF-4E5B-9A12-1A5D439359FA}.Release|Any CPU.ActiveCfg = Release|Any CPU
		{67ADB030-E3DF-4E5B-9A12-1A5D439359FA}.Release|Any CPU.Build.0 = Release|Any CPU
		{9C3D2BA8-119B-40D6-A9C1-B9E1F6EA7F86}.Debug|Any CPU.ActiveCfg = Debug|Any CPU
		{9C3D2BA8-119B-40D6-A9C1-B9E1F6EA7F86}.Debug|Any CPU.Build.0 = Debug|Any CPU
		{9C3D2BA8-119B-40D6-A9C1-B9E1F6EA7F86}.Release|Any CPU.ActiveCfg = Release|Any CPU
		{9C3D2BA8-119B-40D6-A9C1-B9E1F6EA7F86}.Release|Any CPU.Build.0 = Release|Any CPU
	EndGlobalSection
	GlobalSection(SolutionProperties) = preSolution
		HideSolutionNode = FALSE
	EndGlobalSection
	GlobalSection(ExtensibilityGlobals) = postSolution
		SolutionGuid = {2C3A0BD8-BABC-4C07-ACB7-F9EEA4690DF6}
	EndGlobalSection
EndGlobal
